
Microsoft Visual Studio Solution File, Format Version 12.00
# Visual Studio Version 16
VisualStudioVersion = 16.0.30225.117
MinimumVisualStudioVersion = 10.0.40219.1
Project("{9A19103F-16F7-4668-BE54-9A1E7A4F7556}") = "screenclock", "screenclock\screenclock.csproj", "{4B249E21-C0A9-4548-8F1F-695D88335B15}"
EndProject
Global
	GlobalSection(SolutionConfigurationPlatforms) = preSolution
		Debug|Any CPU = Debug|Any CPU
		Debug|x64 = Debug|x64
		Debug|x86 = Debug|x86
		Release|Any CPU = Release|Any CPU
		Release|x64 = Release|x64
		Release|x86 = Release|x86
	EndGlobalSection
	GlobalSection(ProjectConfigurationPlatforms) = postSolution
		{4B249E21-C0A9-4548-8F1F-695D88335B15}.Debug|Any CPU.ActiveCfg = Debug|Any CPU
		{4B249E21-C0A9-4548-8F1F-695D88335B15}.Debug|Any CPU.Build.0 = Debug|Any CPU
		{4B249E21-C0A9-4548-8F1F-695D88335B15}.Debug|x64.ActiveCfg = Debug|x64
		{4B249E21-C0A9-4548-8F1F-695D88335B15}.Debug|x64.Build.0 = Debug|x64
		{4B249E21-C0A9-4548-8F1F-695D88335B15}.Debug|x86.ActiveCfg = Debug|x86
		{4B249E21-C0A9-4548-8F1F-695D88335B15}.Debug|x86.Build.0 = Debug|x86
		{4B249E21-C0A9-4548-8F1F-695D88335B15}.Release|Any CPU.ActiveCfg = Release|Any CPU
		{4B249E21-C0A9-4548-8F1F-695D88335B15}.Release|Any CPU.Build.0 = Release|Any CPU
		{4B249E21-C0A9-4548-8F1F-695D88335B15}.Release|x64.ActiveCfg = Release|x64
		{4B249E21-C0A9-4548-8F1F-695D88335B15}.Release|x64.Build.0 = Release|x64
		{4B249E21-C0A9-4548-8F1F-695D88335B15}.Release|x86.ActiveCfg = Release|x86
		{4B249E21-C0A9-4548-8F1F-695D88335B15}.Release|x86.Build.0 = Release|x86
	EndGlobalSection
	GlobalSection(SolutionProperties) = preSolution
		HideSolutionNode = FALSE
	EndGlobalSection
	GlobalSection(ExtensibilityGlobals) = postSolution
		SolutionGuid = {08206226-FE01-4E8C-B98A-C660C41E9439}
	EndGlobalSection
EndGlobal
