
Microsoft Visual Studio Solution File, Format Version 12.00
# Visual Studio Version 16
VisualStudioVersion = 16.0.30225.117
MinimumVisualStudioVersion = 10.0.40219.1
Project("{9A19103F-16F7-4668-BE54-9A1E7A4F7556}") = "screenclock", "screenclock\screenclock.csproj", "{4B249E21-C0A9-4548-8F1F-695D88335B15}"
EndProject
Project("{FAE04EC0-301F-11D3-BF4B-00C04F79EFBC}") = "screenclock-movie", "screenclock-movie\screenclock-movie.csproj", "{E6BE6484-7985-405C-B206-059D8E1C17CD}"
EndProject
Global
	GlobalSection(SolutionConfigurationPlatforms) = preSolution
		Debug|Any CPU = Debug|Any CPU
		Release|Any CPU = Release|Any CPU
	EndGlobalSection
	GlobalSection(ProjectConfigurationPlatforms) = postSolution
		{4B249E21-C0A9-4548-8F1F-695D88335B15}.Debug|Any CPU.ActiveCfg = Debug|Any CPU
		{4B249E21-C0A9-4548-8F1F-695D88335B15}.Debug|Any CPU.Build.0 = Debug|Any CPU
		{4B249E21-C0A9-4548-8F1F-695D88335B15}.Release|Any CPU.ActiveCfg = Release|Any CPU
		{4B249E21-C0A9-4548-8F1F-695D88335B15}.Release|Any CPU.Build.0 = Release|Any CPU
		{E6BE6484-7985-405C-B206-059D8E1C17CD}.Debug|Any CPU.ActiveCfg = Debug|Any CPU
		{E6BE6484-7985-405C-B206-059D8E1C17CD}.Debug|Any CPU.Build.0 = Debug|Any CPU
		{E6BE6484-7985-405C-B206-059D8E1C17CD}.Release|Any CPU.ActiveCfg = Release|Any CPU
		{E6BE6484-7985-405C-B206-059D8E1C17CD}.Release|Any CPU.Build.0 = Release|Any CPU
	EndGlobalSection
	GlobalSection(SolutionProperties) = preSolution
		HideSolutionNode = FALSE
	EndGlobalSection
	GlobalSection(ExtensibilityGlobals) = postSolution
		SolutionGuid = {08206226-FE01-4E8C-B98A-C660C41E9439}
	EndGlobalSection
EndGlobal
